
Microsoft Visual Studio Solution File, Format Version 12.00
# Visual Studio Version 17
VisualStudioVersion = 17.4.33103.184
MinimumVisualStudioVersion = 10.0.40219.1
Project("{FAE04EC0-301F-11D3-BF4B-00C04F79EFBC}") = "Library Management System", "Library Management System\Library Management System.csproj", "{4222CAA3-A621-4B17-91EB-985160AB6914}"
EndProject
Global
	GlobalSection(SolutionConfigurationPlatforms) = preSolution
		Debug|Any CPU = Debug|Any CPU
		Release|Any CPU = Release|Any CPU
	EndGlobalSection
	GlobalSection(ProjectConfigurationPlatforms) = postSolution
		{4222CAA3-A621-4B17-91EB-985160AB6914}.Debug|Any CPU.ActiveCfg = Debug|Any CPU
		{4222CAA3-A621-4B17-91EB-985160AB6914}.Debug|Any CPU.Build.0 = Debug|Any CPU
		{4222CAA3-A621-4B17-91EB-985160AB6914}.Release|Any CPU.ActiveCfg = Release|Any CPU
		{4222CAA3-A621-4B17-91EB-985160AB6914}.Release|Any CPU.Build.0 = Release|Any CPU
	EndGlobalSection
	GlobalSection(SolutionProperties) = preSolution
		HideSolutionNode = FALSE
	EndGlobalSection
	GlobalSection(ExtensibilityGlobals) = postSolution
		SolutionGuid = {B416B09B-992C-4FF7-BA84-BD9A3182D88A}
	EndGlobalSection
EndGlobal
